
Microsoft Visual Studio Solution File, Format Version 12.00
# Visual Studio Version 16
VisualStudioVersion = 16.0.31019.35
MinimumVisualStudioVersion = 10.0.40219.1
Project("{FAE04EC0-301F-11D3-BF4B-00C04F79EFBC}") = "pag146 num1", "pag146 num1\pag146 num1.csproj", "{E25175E9-0945-4303-8835-3ABFA15E9DE0}"
EndProject
Global
	GlobalSection(SolutionConfigurationPlatforms) = preSolution
		Debug|Any CPU = Debug|Any CPU
		Release|Any CPU = Release|Any CPU
	EndGlobalSection
	GlobalSection(ProjectConfigurationPlatforms) = postSolution
		{E25175E9-0945-4303-8835-3ABFA15E9DE0}.Debug|Any CPU.ActiveCfg = Debug|Any CPU
		{E25175E9-0945-4303-8835-3ABFA15E9DE0}.Debug|Any CPU.Build.0 = Debug|Any CPU
		{E25175E9-0945-4303-8835-3ABFA15E9DE0}.Release|Any CPU.ActiveCfg = Release|Any CPU
		{E25175E9-0945-4303-8835-3ABFA15E9DE0}.Release|Any CPU.Build.0 = Release|Any CPU
	EndGlobalSection
	GlobalSection(SolutionProperties) = preSolution
		HideSolutionNode = FALSE
	EndGlobalSection
	GlobalSection(ExtensibilityGlobals) = postSolution
		SolutionGuid = {DBFDFED1-42CB-410B-9DBA-491E9B0FB0F0}
	EndGlobalSection
EndGlobal
