
Microsoft Visual Studio Solution File, Format Version 12.00
# Visual Studio Version 16
VisualStudioVersion = 16.0.31019.35
MinimumVisualStudioVersion = 10.0.40219.1
Project("{FAE04EC0-301F-11D3-BF4B-00C04F79EFBC}") = "pag146 num2", "pag146 num2\pag146 num2.csproj", "{B40C6907-E48E-4130-8F03-58C88541AA58}"
EndProject
Global
	GlobalSection(SolutionConfigurationPlatforms) = preSolution
		Debug|Any CPU = Debug|Any CPU
		Release|Any CPU = Release|Any CPU
	EndGlobalSection
	GlobalSection(ProjectConfigurationPlatforms) = postSolution
		{B40C6907-E48E-4130-8F03-58C88541AA58}.Debug|Any CPU.ActiveCfg = Debug|Any CPU
		{B40C6907-E48E-4130-8F03-58C88541AA58}.Debug|Any CPU.Build.0 = Debug|Any CPU
		{B40C6907-E48E-4130-8F03-58C88541AA58}.Release|Any CPU.ActiveCfg = Release|Any CPU
		{B40C6907-E48E-4130-8F03-58C88541AA58}.Release|Any CPU.Build.0 = Release|Any CPU
	EndGlobalSection
	GlobalSection(SolutionProperties) = preSolution
		HideSolutionNode = FALSE
	EndGlobalSection
	GlobalSection(ExtensibilityGlobals) = postSolution
		SolutionGuid = {E618745E-58B2-4F0A-96C7-D175F4DE5426}
	EndGlobalSection
EndGlobal
